
Microsoft Visual Studio Solution File, Format Version 12.00
# Visual Studio Version 17
VisualStudioVersion = 17.0.31903.59
MinimumVisualStudioVersion = 10.0.40219.1
Project("{2150E333-8FDC-42A3-9474-1A3956D46DE8}") = "src", "src", "{78672418-9320-433C-98E1-F57753868302}"
EndProject
Project("{FAE04EC0-301F-11D3-BF4B-00C04F79EFBC}") = "LibResultTypes", "src\LibResultTypes\LibResultTypes.csproj", "{B83AC28C-AAFE-4CEB-8F85-91F7589FCA5B}"
EndProject
Project("{FAE04EC0-301F-11D3-BF4B-00C04F79EFBC}") = "LibResultTypes.HttpResults", "src\LibResultTypes.HttpResults\LibResultTypes.HttpResults.csproj", "{3BDE1A68-A8B9-48F8-A230-DA702894E8DD}"
EndProject
Global
	GlobalSection(SolutionConfigurationPlatforms) = preSolution
		Debug|Any CPU = Debug|Any CPU
		Release|Any CPU = Release|Any CPU
	EndGlobalSection
	GlobalSection(SolutionProperties) = preSolution
		HideSolutionNode = FALSE
	EndGlobalSection
	GlobalSection(ProjectConfigurationPlatforms) = postSolution
		{B83AC28C-AAFE-4CEB-8F85-91F7589FCA5B}.Debug|Any CPU.ActiveCfg = Debug|Any CPU
		{B83AC28C-AAFE-4CEB-8F85-91F7589FCA5B}.Debug|Any CPU.Build.0 = Debug|Any CPU
		{B83AC28C-AAFE-4CEB-8F85-91F7589FCA5B}.Release|Any CPU.ActiveCfg = Release|Any CPU
		{B83AC28C-AAFE-4CEB-8F85-91F7589FCA5B}.Release|Any CPU.Build.0 = Release|Any CPU
		{3BDE1A68-A8B9-48F8-A230-DA702894E8DD}.Debug|Any CPU.ActiveCfg = Debug|Any CPU
		{3BDE1A68-A8B9-48F8-A230-DA702894E8DD}.Debug|Any CPU.Build.0 = Debug|Any CPU
		{3BDE1A68-A8B9-48F8-A230-DA702894E8DD}.Release|Any CPU.ActiveCfg = Release|Any CPU
		{3BDE1A68-A8B9-48F8-A230-DA702894E8DD}.Release|Any CPU.Build.0 = Release|Any CPU
	EndGlobalSection
	GlobalSection(NestedProjects) = preSolution
		{B83AC28C-AAFE-4CEB-8F85-91F7589FCA5B} = {78672418-9320-433C-98E1-F57753868302}
		{3BDE1A68-A8B9-48F8-A230-DA702894E8DD} = {78672418-9320-433C-98E1-F57753868302}
	EndGlobalSection
EndGlobal
